
Microsoft Visual Studio Solution File, Format Version 12.00
# Visual Studio Version 17
VisualStudioVersion = 17.2.32616.157
MinimumVisualStudioVersion = 10.0.40219.1
Project("{8BC9CEB8-8B4A-11D0-8D11-00A0C91BC942}") = "PK_Engine", "PK_Engine\PK_Engine.vcxproj", "{ADD79D1E-0060-4517-9AF6-5EFCEF264CF3}"
EndProject
Global
	GlobalSection(SolutionConfigurationPlatforms) = preSolution
		Debug|x64 = Debug|x64
		Debug|x86 = Debug|x86
		Release|x64 = Release|x64
		Release|x86 = Release|x86
	EndGlobalSection
	GlobalSection(ProjectConfigurationPlatforms) = postSolution
		{ADD79D1E-0060-4517-9AF6-5EFCEF264CF3}.Debug|x64.ActiveCfg = Debug|x64
		{ADD79D1E-0060-4517-9AF6-5EFCEF264CF3}.Debug|x64.Build.0 = Debug|x64
		{ADD79D1E-0060-4517-9AF6-5EFCEF264CF3}.Debug|x86.ActiveCfg = Debug|Win32
		{ADD79D1E-0060-4517-9AF6-5EFCEF264CF3}.Debug|x86.Build.0 = Debug|Win32
		{ADD79D1E-0060-4517-9AF6-5EFCEF264CF3}.Release|x64.ActiveCfg = Release|x64
		{ADD79D1E-0060-4517-9AF6-5EFCEF264CF3}.Release|x64.Build.0 = Release|x64
		{ADD79D1E-0060-4517-9AF6-5EFCEF264CF3}.Release|x86.ActiveCfg = Release|Win32
		{ADD79D1E-0060-4517-9AF6-5EFCEF264CF3}.Release|x86.Build.0 = Release|Win32
	EndGlobalSection
	GlobalSection(SolutionProperties) = preSolution
		HideSolutionNode = FALSE
	EndGlobalSection
	GlobalSection(ExtensibilityGlobals) = postSolution
		SolutionGuid = {488AD770-C394-4D24-B939-0F1BABA807E8}
	EndGlobalSection
EndGlobal
